
Microsoft Visual Studio Solution File, Format Version 12.00
# Visual Studio 15
VisualStudioVersion = 15.0.27004.2010
MinimumVisualStudioVersion = 10.0.40219.1
Project("{9A19103F-16F7-4668-BE54-9A1E7A4F7556}") = "LogoFX.Core", "LogoFX.Core\LogoFX.Core.csproj", "{6490D4C8-1379-4448-96F1-8BAB571C04E8}"
EndProject
Project("{9A19103F-16F7-4668-BE54-9A1E7A4F7556}") = "LogoFX.Core.Tests", "LogoFX.Core.Tests\LogoFX.Core.Tests.csproj", "{54860FA8-4B08-4E5F-ABB2-21C8ACEDB724}"
EndProject
Global
	GlobalSection(SolutionConfigurationPlatforms) = preSolution
		Debug|Any CPU = Debug|Any CPU
		Release|Any CPU = Release|Any CPU
	EndGlobalSection
	GlobalSection(ProjectConfigurationPlatforms) = postSolution
		{6490D4C8-1379-4448-96F1-8BAB571C04E8}.Debug|Any CPU.ActiveCfg = Debug|Any CPU
		{6490D4C8-1379-4448-96F1-8BAB571C04E8}.Debug|Any CPU.Build.0 = Debug|Any CPU
		{6490D4C8-1379-4448-96F1-8BAB571C04E8}.Release|Any CPU.ActiveCfg = Release|Any CPU
		{6490D4C8-1379-4448-96F1-8BAB571C04E8}.Release|Any CPU.Build.0 = Release|Any CPU
		{54860FA8-4B08-4E5F-ABB2-21C8ACEDB724}.Debug|Any CPU.ActiveCfg = Debug|Any CPU
		{54860FA8-4B08-4E5F-ABB2-21C8ACEDB724}.Debug|Any CPU.Build.0 = Debug|Any CPU
		{54860FA8-4B08-4E5F-ABB2-21C8ACEDB724}.Release|Any CPU.ActiveCfg = Release|Any CPU
		{54860FA8-4B08-4E5F-ABB2-21C8ACEDB724}.Release|Any CPU.Build.0 = Release|Any CPU
	EndGlobalSection
	GlobalSection(SolutionProperties) = preSolution
		HideSolutionNode = FALSE
	EndGlobalSection
	GlobalSection(ExtensibilityGlobals) = postSolution
		SolutionGuid = {AC15861E-3935-4FBC-AA56-C0C4CFF71FC3}
	EndGlobalSection
EndGlobal
